// !$*UTF8*$!
{
	archiveVersion = 1;
	classes = {
	};
	objectVersion = 50;
	objects = {

/* Begin PBXBuildFile section */
		F1BFA0672690F33B006BF543 /* AppDelegate.swift in Sources */ = {isa = PBXBuildFile; fileRef = F1BFA0662690F33B006BF543 /* AppDelegate.swift */; };
		F1BFA0692690F33B006BF543 /* SceneDelegate.swift in Sources */ = {isa = PBXBuildFile; fileRef = F1BFA0682690F33B006BF543 /* SceneDelegate.swift */; };
		F1BFA06B2690F33B006BF543 /* ViewController.swift in Sources */ = {isa = PBXBuildFile; fileRef = F1BFA06A2690F33B006BF543 /* ViewController.swift */; };
		F1BFA06E2690F33B006BF543 /* Main.storyboard in Resources */ = {isa = PBXBuildFile; fileRef = F1BFA06C2690F33B006BF543 /* Main.storyboard */; };
		F1BFA0702690F33D006BF543 /* Assets.xcassets in Resources */ = {isa = PBXBuildFile; fileRef = F1BFA06F2690F33D006BF543 /* Assets.xcassets */; };
		F1BFA0732690F33D006BF543 /* LaunchScreen.storyboard in Resources */ = {isa = PBXBuildFile; fileRef = F1BFA0712690F33D006BF543 /* LaunchScreen.storyboard */; };
		F1BFA07E2690F33D006BF543 /* PreworkTests.swift in Sources */ = {isa = PBXBuildFile; fileRef = F1BFA07D2690F33D006BF543 /* PreworkTests.swift */; };
		F1BFA0892690F33D006BF543 /* PreworkUITests.swift in Sources */ = {isa = PBXBuildFile; fileRef = F1BFA0882690F33D006BF543 /* PreworkUITests.swift */; };
/* End PBXBuildFile section */

/* Begin PBXContainerItemProxy section */
		F1BFA07A2690F33D006BF543 /* PBXContainerItemProxy */ = {
			isa = PBXContainerItemProxy;
			containerPortal = F1BFA05B2690F33B006BF543 /* Project object */;
			proxyType = 1;
			remoteGlobalIDString = F1BFA0622690F33B006BF543;
			remoteInfo = Prework;
		};
		F1BFA0852690F33D006BF543 /* PBXContainerItemProxy */ = {
			isa = PBXContainerItemProxy;
			containerPortal = F1BFA05B2690F33B006BF543 /* Project object */;
			proxyType = 1;
			remoteGlobalIDString = F1BFA0622690F33B006BF543;
			remoteInfo = Prework;
		};
/* End PBXContainerItemProxy section */

/* Begin PBXFileReference section */
		F1BFA0632690F33B006BF543 /* Prework.app */ = {isa = PBXFileReference; explicitFileType = wrapper.application; includeInIndex = 0; path = Prework.app; sourceTree = BUILT_PRODUCTS_DIR; };
		F1BFA0662690F33B006BF543 /* AppDelegate.swift */ = {isa = PBXFileReference; lastKnownFileType = sourcecode.swift; path = AppDelegate.swift; sourceTree = "<group>"; };
		F1BFA0682690F33B006BF543 /* SceneDelegate.swift */ = {isa = PBXFileReference; lastKnownFileType = sourcecode.swift; path = SceneDelegate.swift; sourceTree = "<group>"; };
		F1BFA06A2690F33B006BF543 /* ViewController.swift */ = {isa = PBXFileReference; lastKnownFileType = sourcecode.swift; path = ViewController.swift; sourceTree = "<group>"; };
		F1BFA06D2690F33B006BF543 /* Base */ = {isa = PBXFileReference; lastKnownFileType = file.storyboard; name = Base; path = Base.lproj/Main.storyboard; sourceTree = "<group>"; };
		F1BFA06F2690F33D006BF543 /* Assets.xcassets */ = {isa = PBXFileReference; lastKnownFileType = folder.assetcatalog; path = Assets.xcassets; sourceTree = "<group>"; };
		F1BFA0722690F33D006BF543 /* Base */ = {isa = PBXFileReference; lastKnownFileType = file.storyboard; name = Base; path = Base.lproj/LaunchScreen.storyboard; sourceTree = "<group>"; };
		F1BFA0742690F33D006BF543 /* Info.plist */ = {isa = PBXFileReference; lastKnownFileType = text.plist.xml; path = Info.plist; sourceTree = "<group>"; };
		F1BFA0792690F33D006BF543 /* PreworkTests.xctest */ = {isa = PBXFileReference; explicitFileType = wrapper.cfbundle; includeInIndex = 0; path = PreworkTests.xctest; sourceTree = BUILT_PRODUCTS_DIR; };
		F1BFA07D2690F33D006BF543 /* PreworkTests.swift */ = {isa = PBXFileReference; lastKnownFileType = sourcecode.swift; path = PreworkTests.swift; sourceTree = "<group>"; };
		F1BFA07F2690F33D006BF543 /* Info.plist */ = {isa = PBXFileReference; lastKnownFileType = text.plist.xml; path = Info.plist; sourceTree = "<group>"; };
		F1BFA0842690F33D006BF543 /* PreworkUITests.xctest */ = {isa = PBXFileReference; explicitFileType = wrapper.cfbundle; includeInIndex = 0; path = PreworkUITests.xctest; sourceTree = BUILT_PRODUCTS_DIR; };
		F1BFA0882690F33D006BF543 /* PreworkUITests.swift */ = {isa = PBXFileReference; lastKnownFileType = sourcecode.swift; path = PreworkUITests.swift; sourceTree = "<group>"; };
		F1BFA08A2690F33D006BF543 /* Info.plist */ = {isa = PBXFileReference; lastKnownFileType = text.plist.xml; path = Info.plist; sourceTree = "<group>"; };
/* End PBXFileReference section */

/* Begin PBXFrameworksBuildPhase section */
		F1BFA0602690F33B006BF543 /* Frameworks */ = {
			isa = PBXFrameworksBuildPhase;
			buildActionMask = 2147483647;
			files = (
			);
			runOnlyForDeploymentPostprocessing = 0;
		};
		F1BFA0762690F33D006BF543 /* Frameworks */ = {
			isa = PBXFrameworksBuildPhase;
			buildActionMask = 2147483647;
			files = (
			);
			runOnlyForDeploymentPostprocessing = 0;
		};
		F1BFA0812690F33D006BF543 /* Frameworks */ = {
			isa = PBXFrameworksBuildPhase;
			buildActionMask = 2147483647;
			files = (
			);
			runOnlyForDeploymentPostprocessing = 0;
		};
/* End PBXFrameworksBuildPhase section */

/* Begin PBXGroup section */
		F1BFA05A2690F33B006BF543 = {
			isa = PBXGroup;
			children = (
				F1BFA0652690F33B006BF543 /* Prework */,
				F1BFA07C2690F33D006BF543 /* PreworkTests */,
				F1BFA0872690F33D006BF543 /* PreworkUITests */,
				F1BFA0642690F33B006BF543 /* Products */,
			);
			sourceTree = "<group>";
		};
		F1BFA0642690F33B006BF543 /* Products */ = {
			isa = PBXGroup;
			children = (
				F1BFA0632690F33B006BF543 /* Prework.app */,
				F1BFA0792690F33D006BF543 /* PreworkTests.xctest */,
				F1BFA0842690F33D006BF543 /* PreworkUITests.xctest */,
			);
			name = Products;
			sourceTree = "<group>";
		};
		F1BFA0652690F33B006BF543 /* Prework */ = {
			isa = PBXGroup;
			children = (
				F1BFA0662690F33B006BF543 /* AppDelegate.swift */,
				F1BFA0682690F33B006BF543 /* SceneDelegate.swift */,
				F1BFA06A2690F33B006BF543 /* ViewController.swift */,
				F1BFA06C2690F33B006BF543 /* Main.storyboard */,
				F1BFA06F2690F33D006BF543 /* Assets.xcassets */,
				F1BFA0712690F33D006BF543 /* LaunchScreen.storyboard */,
				F1BFA0742690F33D006BF543 /* Info.plist */,
			);
			path = Prework;
			sourceTree = "<group>";
		};
		F1BFA07C2690F33D006BF543 /* PreworkTests */ = {
			isa = PBXGroup;
			children = (
				F1BFA07D2690F33D006BF543 /* PreworkTests.swift */,
				F1BFA07F2690F33D006BF543 /* Info.plist */,
			);
			path = PreworkTests;
			sourceTree = "<group>";
		};
		F1BFA0872690F33D006BF543 /* PreworkUITests */ = {
			isa = PBXGroup;
			children = (
				F1BFA0882690F33D006BF543 /* PreworkUITests.swift */,
				F1BFA08A2690F33D006BF543 /* Info.plist */,
			);
			path = PreworkUITests;
			sourceTree = "<group>";
		};
/* End PBXGroup section */

/* Begin PBXNativeTarget section */
		F1BFA0622690F33B006BF543 /* Prework */ = {
			isa = PBXNativeTarget;
			buildConfigurationList = F1BFA08D2690F33D006BF543 /* Build configuration list for PBXNativeTarget "Prework" */;
			buildPhases = (
				F1BFA05F2690F33B006BF543 /* Sources */,
				F1BFA0602690F33B006BF543 /* Frameworks */,
				F1BFA0612690F33B006BF543 /* Resources */,
			);
			buildRules = (
			);
			dependencies = (
			);
			name = Prework;
			productName = Prework;
			productReference = F1BFA0632690F33B006BF543 /* Prework.app */;
			productType = "com.apple.product-type.application";
		};
		F1BFA0782690F33D006BF543 /* PreworkTests */ = {
			isa = PBXNativeTarget;
			buildConfigurationList = F1BFA0902690F33D006BF543 /* Build configuration list for PBXNativeTarget "PreworkTests" */;
			buildPhases = (
				F1BFA0752690F33D006BF543 /* Sources */,
				F1BFA0762690F33D006BF543 /* Frameworks */,
				F1BFA0772690F33D006BF543 /* Resources */,
			);
			buildRules = (
			);
			dependencies = (
				F1BFA07B2690F33D006BF543 /* PBXTargetDependency */,
			);
			name = PreworkTests;
			productName = PreworkTests;
			productReference = F1BFA0792690F33D006BF543 /* PreworkTests.xctest */;
			productType = "com.apple.product-type.bundle.unit-test";
		};
		F1BFA0832690F33D006BF543 /* PreworkUITests */ = {
			isa = PBXNativeTarget;
			buildConfigurationList = F1BFA0932690F33D006BF543 /* Build configuration list for PBXNativeTarget "PreworkUITests" */;
			buildPhases = (
				F1BFA0802690F33D006BF543 /* Sources */,
				F1BFA0812690F33D006BF543 /* Frameworks */,
				F1BFA0822690F33D006BF543 /* Resources */,
			);
			buildRules = (
			);
			dependencies = (
				F1BFA0862690F33D006BF543 /* PBXTargetDependency */,
			);
			name = PreworkUITests;
			productName = PreworkUITests;
			productReference = F1BFA0842690F33D006BF543 /* PreworkUITests.xctest */;
			productType = "com.apple.product-type.bundle.ui-testing";
		};
/* End PBXNativeTarget section */

/* Begin PBXProject section */
		F1BFA05B2690F33B006BF543 /* Project object */ = {
			isa = PBXProject;
			attributes = {
				LastSwiftUpdateCheck = 1240;
				LastUpgradeCheck = 1240;
				TargetAttributes = {
					F1BFA0622690F33B006BF543 = {
						CreatedOnToolsVersion = 12.4;
					};
					F1BFA0782690F33D006BF543 = {
						CreatedOnToolsVersion = 12.4;
						TestTargetID = F1BFA0622690F33B006BF543;
					};
					F1BFA0832690F33D006BF543 = {
						CreatedOnToolsVersion = 12.4;
						TestTargetID = F1BFA0622690F33B006BF543;
					};
				};
			};
			buildConfigurationList = F1BFA05E2690F33B006BF543 /* Build configuration list for PBXProject "Prework" */;
			compatibilityVersion = "Xcode 9.3";
			developmentRegion = en;
			hasScannedForEncodings = 0;
			knownRegions = (
				en,
				Base,
			);
			mainGroup = F1BFA05A2690F33B006BF543;
			productRefGroup = F1BFA0642690F33B006BF543 /* Products */;
			projectDirPath = "";
			projectRoot = "";
			targets = (
				F1BFA0622690F33B006BF543 /* Prework */,
				F1BFA0782690F33D006BF543 /* PreworkTests */,
				F1BFA0832690F33D006BF543 /* PreworkUITests */,
			);
		};
/* End PBXProject section */

/* Begin PBXResourcesBuildPhase section */
		F1BFA0612690F33B006BF543 /* Resources */ = {
			isa = PBXResourcesBuildPhase;
			buildActionMask = 2147483647;
			files = (
				F1BFA0732690F33D006BF543 /* LaunchScreen.storyboard in Resources */,
				F1BFA0702690F33D006BF543 /* Assets.xcassets in Resources */,
				F1BFA06E2690F33B006BF543 /* Main.storyboard in Resources */,
			);
			runOnlyForDeploymentPostprocessing = 0;
		};
		F1BFA0772690F33D006BF543 /* Resources */ = {
			isa = PBXResourcesBuildPhase;
			buildActionMask = 2147483647;
			files = (
			);
			runOnlyForDeploymentPostprocessing = 0;
		};
		F1BFA0822690F33D006BF543 /* Resources */ = {
			isa = PBXResourcesBuildPhase;
			buildActionMask = 2147483647;
			files = (
			);
			runOnlyForDeploymentPostprocessing = 0;
		};
/* End PBXResourcesBuildPhase section */

/* Begin PBXSourcesBuildPhase section */
		F1BFA05F2690F33B006BF543 /* Sources */ = {
			isa = PBXSourcesBuildPhase;
			buildActionMask = 2147483647;
			files = (
				F1BFA06B2690F33B006BF543 /* ViewController.swift in Sources */,
				F1BFA0672690F33B006BF543 /* AppDelegate.swift in Sources */,
				F1BFA0692690F33B006BF543 /* SceneDelegate.swift in Sources */,
			);
			runOnlyForDeploymentPostprocessing = 0;
		};
		F1BFA0752690F33D006BF543 /* Sources */ = {
			isa = PBXSourcesBuildPhase;
			buildActionMask = 2147483647;
			files = (
				F1BFA07E2690F33D006BF543 /* PreworkTests.swift in Sources */,
			);
			runOnlyForDeploymentPostprocessing = 0;
		};
		F1BFA0802690F33D006BF543 /* Sources */ = {
			isa = PBXSourcesBuildPhase;
			buildActionMask = 2147483647;
			files = (
				F1BFA0892690F33D006BF543 /* PreworkUITests.swift in Sources */,
			);
			runOnlyForDeploymentPostprocessing = 0;
		};
/* End PBXSourcesBuildPhase section */

/* Begin PBXTargetDependency section */
		F1BFA07B2690F33D006BF543 /* PBXTargetDependency */ = {
			isa = PBXTargetDependency;
			target = F1BFA0622690F33B006BF543 /* Prework */;
			targetProxy = F1BFA07A2690F33D006BF543 /* PBXContainerItemProxy */;
		};
		F1BFA0862690F33D006BF543 /* PBXTargetDependency */ = {
			isa = PBXTargetDependency;
			target = F1BFA0622690F33B006BF543 /* Prework */;
			targetProxy = F1BFA0852690F33D006BF543 /* PBXContainerItemProxy */;
		};
/* End PBXTargetDependency section */

/* Begin PBXVariantGroup section */
		F1BFA06C2690F33B006BF543 /* Main.storyboard */ = {
			isa = PBXVariantGroup;
			children = (
				F1BFA06D2690F33B006BF543 /* Base */,
			);
			name = Main.storyboard;
			sourceTree = "<group>";
		};
		F1BFA0712690F33D006BF543 /* LaunchScreen.storyboard */ = {
			isa = PBXVariantGroup;
			children = (
				F1BFA0722690F33D006BF543 /* Base */,
			);
			name = LaunchScreen.storyboard;
			sourceTree = "<group>";
		};
/* End PBXVariantGroup section */

/* Begin XCBuildConfiguration section */
		F1BFA08B2690F33D006BF543 /* Debug */ = {
			isa = XCBuildConfiguration;
			buildSettings = {
				ALWAYS_SEARCH_USER_PATHS = NO;
				CLANG_ANALYZER_NONNULL = YES;
				CLANG_ANALYZER_NUMBER_OBJECT_CONVERSION = YES_AGGRESSIVE;
				CLANG_CXX_LANGUAGE_STANDARD = "gnu++14";
				CLANG_CXX_LIBRARY = "libc++";
				CLANG_ENABLE_MODULES = YES;
				CLANG_ENABLE_OBJC_ARC = YES;
				CLANG_ENABLE_OBJC_WEAK = YES;
				CLANG_WARN_BLOCK_CAPTURE_AUTORELEASING = YES;
				CLANG_WARN_BOOL_CONVERSION = YES;
				CLANG_WARN_COMMA = YES;
				CLANG_WARN_CONSTANT_CONVERSION = YES;
				CLANG_WARN_DEPRECATED_OBJC_IMPLEMENTATIONS = YES;
				CLANG_WARN_DIRECT_OBJC_ISA_USAGE = YES_ERROR;
				CLANG_WARN_DOCUMENTATION_COMMENTS = YES;
				CLANG_WARN_EMPTY_BODY = YES;
				CLANG_WARN_ENUM_CONVERSION = YES;
				CLANG_WARN_INFINITE_RECURSION = YES;
				CLANG_WARN_INT_CONVERSION = YES;
				CLANG_WARN_NON_LITERAL_NULL_CONVERSION = YES;
				CLANG_WARN_OBJC_IMPLICIT_RETAIN_SELF = YES;
				CLANG_WARN_OBJC_LITERAL_CONVERSION = YES;
				CLANG_WARN_OBJC_ROOT_CLASS = YES_ERROR;
				CLANG_WARN_QUOTED_INCLUDE_IN_FRAMEWORK_HEADER = YES;
				CLANG_WARN_RANGE_LOOP_ANALYSIS = YES;
				CLANG_WARN_STRICT_PROTOTYPES = YES;
				CLANG_WARN_SUSPICIOUS_MOVE = YES;
				CLANG_WARN_UNGUARDED_AVAILABILITY = YES_AGGRESSIVE;
				CLANG_WARN_UNREACHABLE_CODE = YES;
				CLANG_WARN__DUPLICATE_METHOD_MATCH = YES;
				COPY_PHASE_STRIP = NO;
				DEBUG_INFORMATION_FORMAT = dwarf;
				ENABLE_STRICT_OBJC_MSGSEND = YES;
				ENABLE_TESTABILITY = YES;
				GCC_C_LANGUAGE_STANDARD = gnu11;
				GCC_DYNAMIC_NO_PIC = NO;
				GCC_NO_COMMON_BLOCKS = YES;
				GCC_OPTIMIZATION_LEVEL = 0;
				GCC_PREPROCESSOR_DEFINITIONS = (
					"DEBUG=1",
					"$(inherited)",
				);
				GCC_WARN_64_TO_32_BIT_CONVERSION = YES;
				GCC_WARN_ABOUT_RETURN_TYPE = YES_ERROR;
				GCC_WARN_UNDECLARED_SELECTOR = YES;
				GCC_WARN_UNINITIALIZED_AUTOS = YES_AGGRESSIVE;
				GCC_WARN_UNUSED_FUNCTION = YES;
				GCC_WARN_UNUSED_VARIABLE = YES;
				IPHONEOS_DEPLOYMENT_TARGET = 14.4;
				MTL_ENABLE_DEBUG_INFO = INCLUDE_SOURCE;
				MTL_FAST_MATH = YES;
				ONLY_ACTIVE_ARCH = YES;
				SDKROOT = iphoneos;
				SWIFT_ACTIVE_COMPILATION_CONDITIONS = DEBUG;
				SWIFT_OPTIMIZATION_LEVEL = "-Onone";
			};
			name = Debug;
		};
		F1BFA08C2690F33D006BF543 /* Release */ = {
			isa = XCBuildConfiguration;
			buildSettings = {
				ALWAYS_SEARCH_USER_PATHS = NO;
				CLANG_ANALYZER_NONNULL = YES;
				CLANG_ANALYZER_NUMBER_OBJECT_CONVERSION = YES_AGGRESSIVE;
				CLANG_CXX_LANGUAGE_STANDARD = "gnu++14";
				CLANG_CXX_LIBRARY = "libc++";
				CLANG_ENABLE_MODULES = YES;
				CLANG_ENABLE_OBJC_ARC = YES;
				CLANG_ENABLE_OBJC_WEAK = YES;
				CLANG_WARN_BLOCK_CAPTURE_AUTORELEASING = YES;
				CLANG_WARN_BOOL_CONVERSION = YES;
				CLANG_WARN_COMMA = YES;
				CLANG_WARN_CONSTANT_CONVERSION = YES;
				CLANG_WARN_DEPRECATED_OBJC_IMPLEMENTATIONS = YES;
				CLANG_WARN_DIRECT_OBJC_ISA_USAGE = YES_ERROR;
				CLANG_WARN_DOCUMENTATION_COMMENTS = YES;
				CLANG_WARN_EMPTY_BODY = YES;
				CLANG_WARN_ENUM_CONVERSION = YES;
				CLANG_WARN_INFINITE_RECURSION = YES;
				CLANG_WARN_INT_CONVERSION = YES;
				CLANG_WARN_NON_LITERAL_NULL_CONVERSION = YES;
				CLANG_WARN_OBJC_IMPLICIT_RETAIN_SELF = YES;
				CLANG_WARN_OBJC_LITERAL_CONVERSION = YES;
				CLANG_WARN_OBJC_ROOT_CLASS = YES_ERROR;
				CLANG_WARN_QUOTED_INCLUDE_IN_FRAMEWORK_HEADER = YES;
				CLANG_WARN_RANGE_LOOP_ANALYSIS = YES;
				CLANG_WARN_STRICT_PROTOTYPES = YES;
				CLANG_WARN_SUSPICIOUS_MOVE = YES;
				CLANG_WARN_UNGUARDED_AVAILABILITY = YES_AGGRESSIVE;
				CLANG_WARN_UNREACHABLE_CODE = YES;
				CLANG_WARN__DUPLICATE_METHOD_MATCH = YES;
				COPY_PHASE_STRIP = NO;
				DEBUG_INFORMATION_FORMAT = "dwarf-with-dsym";
				ENABLE_NS_ASSERTIONS = NO;
				ENABLE_STRICT_OBJC_MSGSEND = YES;
				GCC_C_LANGUAGE_STANDARD = gnu11;
				GCC_NO_COMMON_BLOCKS = YES;
				GCC_WARN_64_TO_32_BIT_CONVERSION = YES;
				GCC_WARN_ABOUT_RETURN_TYPE = YES_ERROR;
				GCC_WARN_UNDECLARED_SELECTOR = YES;
				GCC_WARN_UNINITIALIZED_AUTOS = YES_AGGRESSIVE;
				GCC_WARN_UNUSED_FUNCTION = YES;
				GCC_WARN_UNUSED_VARIABLE = YES;
				IPHONEOS_DEPLOYMENT_TARGET = 14.4;
				MTL_ENABLE_DEBUG_INFO = NO;
				MTL_FAST_MATH = YES;
				SDKROOT = iphoneos;
				SWIFT_COMPILATION_MODE = wholemodule;
				SWIFT_OPTIMIZATION_LEVEL = "-O";
				VALIDATE_PRODUCT = YES;
			};
			name = Release;
		};
		F1BFA08E2690F33D006BF543 /* Debug */ = {
			isa = XCBuildConfiguration;
			buildSettings = {
				ASSETCATALOG_COMPILER_APPICON_NAME = AppIcon;
				ASSETCATALOG_COMPILER_GLOBAL_ACCENT_COLOR_NAME = AccentColor;
				CODE_SIGN_STYLE = Automatic;
				INFOPLIST_FILE = Prework/Info.plist;
				LD_RUNPATH_SEARCH_PATHS = (
					"$(inherited)",
					"@executable_path/Frameworks",
				);
				PRODUCT_BUNDLE_IDENTIFIER = memo.com.Prework;
				PRODUCT_NAME = "$(TARGET_NAME)";
				SWIFT_VERSION = 5.0;
				TARGETED_DEVICE_FAMILY = "1,2";
			};
			name = Debug;
		};
		F1BFA08F2690F33D006BF543 /* Release */ = {
			isa = XCBuildConfiguration;
			buildSettings = {
				ASSETCATALOG_COMPILER_APPICON_NAME = AppIcon;
				ASSETCATALOG_COMPILER_GLOBAL_ACCENT_COLOR_NAME = AccentColor;
				CODE_SIGN_STYLE = Automatic;
				INFOPLIST_FILE = Prework/Info.plist;
				LD_RUNPATH_SEARCH_PATHS = (
					"$(inherited)",
					"@executable_path/Frameworks",
				);
				PRODUCT_BUNDLE_IDENTIFIER = memo.com.Prework;
				PRODUCT_NAME = "$(TARGET_NAME)";
				SWIFT_VERSION = 5.0;
				TARGETED_DEVICE_FAMILY = "1,2";
			};
			name = Release;
		};
		F1BFA0912690F33D006BF543 /* Debug */ = {
			isa = XCBuildConfiguration;
			buildSettings = {
				ALWAYS_EMBED_SWIFT_STANDARD_LIBRARIES = YES;
				BUNDLE_LOADER = "$(TEST_HOST)";
				CODE_SIGN_STYLE = Automatic;
				INFOPLIST_FILE = PreworkTests/Info.plist;
				IPHONEOS_DEPLOYMENT_TARGET = 14.4;
				LD_RUNPATH_SEARCH_PATHS = (
					"$(inherited)",
					"@executable_path/Frameworks",
					"@loader_path/Frameworks",
				);
				PRODUCT_BUNDLE_IDENTIFIER = memo.com.PreworkTests;
				PRODUCT_NAME = "$(TARGET_NAME)";
				SWIFT_VERSION = 5.0;
				TARGETED_DEVICE_FAMILY = "1,2";
				TEST_HOST = "$(BUILT_PRODUCTS_DIR)/Prework.app/Prework";
			};
			name = Debug;
		};
		F1BFA0922690F33D006BF543 /* Release */ = {
			isa = XCBuildConfiguration;
			buildSettings = {
				ALWAYS_EMBED_SWIFT_STANDARD_LIBRARIES = YES;
				BUNDLE_LOADER = "$(TEST_HOST)";
				CODE_SIGN_STYLE = Automatic;
				INFOPLIST_FILE = PreworkTests/Info.plist;
				IPHONEOS_DEPLOYMENT_TARGET = 14.4;
				LD_RUNPATH_SEARCH_PATHS = (
					"$(inherited)",
					"@executable_path/Frameworks",
					"@loader_path/Frameworks",
				);
				PRODUCT_BUNDLE_IDENTIFIER = memo.com.PreworkTests;
				PRODUCT_NAME = "$(TARGET_NAME)";
				SWIFT_VERSION = 5.0;
				TARGETED_DEVICE_FAMILY = "1,2";
				TEST_HOST = "$(BUILT_PRODUCTS_DIR)/Prework.app/Prework";
			};
			name = Release;
		};
		F1BFA0942690F33D006BF543 /* Debug */ = {
			isa = XCBuildConfiguration;
			buildSettings = {
				ALWAYS_EMBED_SWIFT_STANDARD_LIBRARIES = YES;
				CODE_SIGN_STYLE = Automatic;
				INFOPLIST_FILE = PreworkUITests/Info.plist;
				LD_RUNPATH_SEARCH_PATHS = (
					"$(inherited)",
					"@executable_path/Frameworks",
					"@loader_path/Frameworks",
				);
				PRODUCT_BUNDLE_IDENTIFIER = memo.com.PreworkUITests;
				PRODUCT_NAME = "$(TARGET_NAME)";
				SWIFT_VERSION = 5.0;
				TARGETED_DEVICE_FAMILY = "1,2";
				TEST_TARGET_NAME = Prework;
			};
			name = Debug;
		};
		F1BFA0952690F33D006BF543 /* Release */ = {
			isa = XCBuildConfiguration;
			buildSettings = {
				ALWAYS_EMBED_SWIFT_STANDARD_LIBRARIES = YES;
				CODE_SIGN_STYLE = Automatic;
				INFOPLIST_FILE = PreworkUITests/Info.plist;
				LD_RUNPATH_SEARCH_PATHS = (
					"$(inherited)",
					"@executable_path/Frameworks",
					"@loader_path/Frameworks",
				);
				PRODUCT_BUNDLE_IDENTIFIER = memo.com.PreworkUITests;
				PRODUCT_NAME = "$(TARGET_NAME)";
				SWIFT_VERSION = 5.0;
				TARGETED_DEVICE_FAMILY = "1,2";
				TEST_TARGET_NAME = Prework;
			};
			name = Release;
		};
/* End XCBuildConfiguration section */

/* Begin XCConfigurationList section */
		F1BFA05E2690F33B006BF543 /* Build configuration list for PBXProject "Prework" */ = {
			isa = XCConfigurationList;
			buildConfigurations = (
				F1BFA08B2690F33D006BF543 /* Debug */,
				F1BFA08C2690F33D006BF543 /* Release */,
			);
			defaultConfigurationIsVisible = 0;
			defaultConfigurationName = Release;
		};
		F1BFA08D2690F33D006BF543 /* Build configuration list for PBXNativeTarget "Prework" */ = {
			isa = XCConfigurationList;
			buildConfigurations = (
				F1BFA08E2690F33D006BF543 /* Debug */,
				F1BFA08F2690F33D006BF543 /* Release */,
			);
			defaultConfigurationIsVisible = 0;
			defaultConfigurationName = Release;
		};
		F1BFA0902690F33D006BF543 /* Build configuration list for PBXNativeTarget "PreworkTests" */ = {
			isa = XCConfigurationList;
			buildConfigurations = (
				F1BFA0912690F33D006BF543 /* Debug */,
				F1BFA0922690F33D006BF543 /* Release */,
			);
			defaultConfigurationIsVisible = 0;
			defaultConfigurationName = Release;
		};
		F1BFA0932690F33D006BF543 /* Build configuration list for PBXNativeTarget "PreworkUITests" */ = {
			isa = XCConfigurationList;
			buildConfigurations = (
				F1BFA0942690F33D006BF543 /* Debug */,
				F1BFA0952690F33D006BF543 /* Release */,
			);
			defaultConfigurationIsVisible = 0;
			defaultConfigurationName = Release;
		};
/* End XCConfigurationList section */
	};
	rootObject = F1BFA05B2690F33B006BF543 /* Project object */;
}
